// !$*UTF8*$!
{
	archiveVersion = 1;
	classes = {
	};
	objectVersion = 46;
	objects = {

/* Begin PBXBuildFile section */
		0A5E96E31898C81F00EDDA22 /* THTableViewController.m in Sources */ = {isa = PBXBuildFile; fileRef = 0A5E96E21898C81F00EDDA22 /* THTableViewController.m */; };
		0A5E96E61898CDA100EDDA22 /* THTimelineTableViewController.m in Sources */ = {isa = PBXBuildFile; fileRef = 0A5E96E51898CDA100EDDA22 /* THTimelineTableViewController.m */; };
		0A5E96E91898D17F00EDDA22 /* THUserTableViewController.m in Sources */ = {isa = PBXBuildFile; fileRef = 0A5E96E81898D17F00EDDA22 /* THUserTableViewController.m */; };
		0A5E96EC1898D5EE00EDDA22 /* THStatusTableViewController.m in Sources */ = {isa = PBXBuildFile; fileRef = 0A5E96EB1898D5EE00EDDA22 /* THStatusTableViewController.m */; };
		0A5E96EE1898D62B00EDDA22 /* THStatusView.xib in Resources */ = {isa = PBXBuildFile; fileRef = 0A5E96ED1898D62B00EDDA22 /* THStatusView.xib */; };
		0A5E96F11898DB2C00EDDA22 /* THStatusView.m in Sources */ = {isa = PBXBuildFile; fileRef = 0A5E96F01898DB2C00EDDA22 /* THStatusView.m */; };
		0A6612CC1897323C00142624 /* THTableViewCell.xib in Resources */ = {isa = PBXBuildFile; fileRef = 0A6612CB1897323C00142624 /* THTableViewCell.xib */; };
		0A6612CF1897337400142624 /* THTableViewCell.m in Sources */ = {isa = PBXBuildFile; fileRef = 0A6612CE1897337400142624 /* THTableViewCell.m */; };
		0A6612D91897824300142624 /* THStatus.m in Sources */ = {isa = PBXBuildFile; fileRef = 0A6612D81897824300142624 /* THStatus.m */; };
		0A6612DC189783EE00142624 /* THUser.m in Sources */ = {isa = PBXBuildFile; fileRef = 0A6612DB189783EE00142624 /* THUser.m */; };
		0A6612E11897A5D300142624 /* THBannerView.xib in Resources */ = {isa = PBXBuildFile; fileRef = 0A6612E01897A5D300142624 /* THBannerView.xib */; };
		0A6612E41897A5E900142624 /* THBannerView.m in Sources */ = {isa = PBXBuildFile; fileRef = 0A6612E31897A5E900142624 /* THBannerView.m */; };
		0ACB1FEE18972DDA00A41D0D /* Foundation.framework in Frameworks */ = {isa = PBXBuildFile; fileRef = 0ACB1FED18972DDA00A41D0D /* Foundation.framework */; };
		0ACB1FF018972DDA00A41D0D /* CoreGraphics.framework in Frameworks */ = {isa = PBXBuildFile; fileRef = 0ACB1FEF18972DDA00A41D0D /* CoreGraphics.framework */; };
		0ACB1FF218972DDA00A41D0D /* UIKit.framework in Frameworks */ = {isa = PBXBuildFile; fileRef = 0ACB1FF118972DDA00A41D0D /* UIKit.framework */; };
		0ACB1FF818972DDA00A41D0D /* InfoPlist.strings in Resources */ = {isa = PBXBuildFile; fileRef = 0ACB1FF618972DDA00A41D0D /* InfoPlist.strings */; };
		0ACB1FFA18972DDA00A41D0D /* main.m in Sources */ = {isa = PBXBuildFile; fileRef = 0ACB1FF918972DDA00A41D0D /* main.m */; };
		0ACB1FFE18972DDA00A41D0D /* THAppDelegate.m in Sources */ = {isa = PBXBuildFile; fileRef = 0ACB1FFD18972DDA00A41D0D /* THAppDelegate.m */; };
		0ACB200118972DDA00A41D0D /* Main_iPhone.storyboard in Resources */ = {isa = PBXBuildFile; fileRef = 0ACB1FFF18972DDA00A41D0D /* Main_iPhone.storyboard */; };
		0ACB200418972DDA00A41D0D /* Main_iPad.storyboard in Resources */ = {isa = PBXBuildFile; fileRef = 0ACB200218972DDA00A41D0D /* Main_iPad.storyboard */; };
		0ACB200918972DDA00A41D0D /* Images.xcassets in Resources */ = {isa = PBXBuildFile; fileRef = 0ACB200818972DDA00A41D0D /* Images.xcassets */; };
		0ACB201018972DDA00A41D0D /* XCTest.framework in Frameworks */ = {isa = PBXBuildFile; fileRef = 0ACB200F18972DDA00A41D0D /* XCTest.framework */; };
		0ACB201118972DDA00A41D0D /* Foundation.framework in Frameworks */ = {isa = PBXBuildFile; fileRef = 0ACB1FED18972DDA00A41D0D /* Foundation.framework */; };
		0ACB201218972DDA00A41D0D /* UIKit.framework in Frameworks */ = {isa = PBXBuildFile; fileRef = 0ACB1FF118972DDA00A41D0D /* UIKit.framework */; };
		0ACB201A18972DDA00A41D0D /* InfoPlist.strings in Resources */ = {isa = PBXBuildFile; fileRef = 0ACB201818972DDA00A41D0D /* InfoPlist.strings */; };
		0ACB201C18972DDA00A41D0D /* TwitterHandleTests.m in Sources */ = {isa = PBXBuildFile; fileRef = 0ACB201B18972DDA00A41D0D /* TwitterHandleTests.m */; };
		F54EAFCFDB0C4383B4459E08 /* libPods.a in Frameworks */ = {isa = PBXBuildFile; fileRef = 87042368195B4EC39BF85383 /* libPods.a */; };
/* End PBXBuildFile section */

/* Begin PBXContainerItemProxy section */
		0ACB201318972DDA00A41D0D /* PBXContainerItemProxy */ = {
			isa = PBXContainerItemProxy;
			containerPortal = 0ACB1FE218972DDA00A41D0D /* Project object */;
			proxyType = 1;
			remoteGlobalIDString = 0ACB1FE918972DDA00A41D0D;
			remoteInfo = TwitterHandle;
		};
/* End PBXContainerItemProxy section */

/* Begin PBXFileReference section */
		0A5E96E11898C81F00EDDA22 /* THTableViewController.h */ = {isa = PBXFileReference; fileEncoding = 4; lastKnownFileType = sourcecode.c.h; path = THTableViewController.h; sourceTree = "<group>"; };
		0A5E96E21898C81F00EDDA22 /* THTableViewController.m */ = {isa = PBXFileReference; fileEncoding = 4; lastKnownFileType = sourcecode.c.objc; path = THTableViewController.m; sourceTree = "<group>"; };
		0A5E96E41898CDA100EDDA22 /* THTimelineTableViewController.h */ = {isa = PBXFileReference; fileEncoding = 4; lastKnownFileType = sourcecode.c.h; path = THTimelineTableViewController.h; sourceTree = "<group>"; };
		0A5E96E51898CDA100EDDA22 /* THTimelineTableViewController.m */ = {isa = PBXFileReference; fileEncoding = 4; lastKnownFileType = sourcecode.c.objc; path = THTimelineTableViewController.m; sourceTree = "<group>"; };
		0A5E96E71898D17F00EDDA22 /* THUserTableViewController.h */ = {isa = PBXFileReference; fileEncoding = 4; lastKnownFileType = sourcecode.c.h; path = THUserTableViewController.h; sourceTree = "<group>"; };
		0A5E96E81898D17F00EDDA22 /* THUserTableViewController.m */ = {isa = PBXFileReference; fileEncoding = 4; lastKnownFileType = sourcecode.c.objc; path = THUserTableViewController.m; sourceTree = "<group>"; };
		0A5E96EA1898D5EE00EDDA22 /* THStatusTableViewController.h */ = {isa = PBXFileReference; fileEncoding = 4; lastKnownFileType = sourcecode.c.h; path = THStatusTableViewController.h; sourceTree = "<group>"; };
		0A5E96EB1898D5EE00EDDA22 /* THStatusTableViewController.m */ = {isa = PBXFileReference; fileEncoding = 4; lastKnownFileType = sourcecode.c.objc; path = THStatusTableViewController.m; sourceTree = "<group>"; };
		0A5E96ED1898D62B00EDDA22 /* THStatusView.xib */ = {isa = PBXFileReference; fileEncoding = 4; lastKnownFileType = file.xib; path = THStatusView.xib; sourceTree = "<group>"; };
		0A5E96EF1898DB2C00EDDA22 /* THStatusView.h */ = {isa = PBXFileReference; fileEncoding = 4; lastKnownFileType = sourcecode.c.h; path = THStatusView.h; sourceTree = "<group>"; };
		0A5E96F01898DB2C00EDDA22 /* THStatusView.m */ = {isa = PBXFileReference; fileEncoding = 4; lastKnownFileType = sourcecode.c.objc; path = THStatusView.m; sourceTree = "<group>"; };
		0A6612CB1897323C00142624 /* THTableViewCell.xib */ = {isa = PBXFileReference; fileEncoding = 4; lastKnownFileType = file.xib; path = THTableViewCell.xib; sourceTree = "<group>"; };
		0A6612CD1897337400142624 /* THTableViewCell.h */ = {isa = PBXFileReference; fileEncoding = 4; lastKnownFileType = sourcecode.c.h; path = THTableViewCell.h; sourceTree = "<group>"; };
		0A6612CE1897337400142624 /* THTableViewCell.m */ = {isa = PBXFileReference; fileEncoding = 4; lastKnownFileType = sourcecode.c.objc; path = THTableViewCell.m; sourceTree = "<group>"; };
		0A6612D71897824300142624 /* THStatus.h */ = {isa = PBXFileReference; fileEncoding = 4; lastKnownFileType = sourcecode.c.h; path = THStatus.h; sourceTree = "<group>"; };
		0A6612D81897824300142624 /* THStatus.m */ = {isa = PBXFileReference; fileEncoding = 4; lastKnownFileType = sourcecode.c.objc; path = THStatus.m; sourceTree = "<group>"; };
		0A6612DA189783EE00142624 /* THUser.h */ = {isa = PBXFileReference; fileEncoding = 4; lastKnownFileType = sourcecode.c.h; path = THUser.h; sourceTree = "<group>"; };
		0A6612DB189783EE00142624 /* THUser.m */ = {isa = PBXFileReference; fileEncoding = 4; lastKnownFileType = sourcecode.c.objc; path = THUser.m; sourceTree = "<group>"; };
		0A6612E01897A5D300142624 /* THBannerView.xib */ = {isa = PBXFileReference; fileEncoding = 4; lastKnownFileType = file.xib; path = THBannerView.xib; sourceTree = "<group>"; };
		0A6612E21897A5E900142624 /* THBannerView.h */ = {isa = PBXFileReference; fileEncoding = 4; lastKnownFileType = sourcecode.c.h; path = THBannerView.h; sourceTree = "<group>"; };
		0A6612E31897A5E900142624 /* THBannerView.m */ = {isa = PBXFileReference; fileEncoding = 4; lastKnownFileType = sourcecode.c.objc; path = THBannerView.m; sourceTree = "<group>"; };
		0ACB1FEA18972DDA00A41D0D /* TwitterHandle.app */ = {isa = PBXFileReference; explicitFileType = wrapper.application; includeInIndex = 0; path = TwitterHandle.app; sourceTree = BUILT_PRODUCTS_DIR; };
		0ACB1FED18972DDA00A41D0D /* Foundation.framework */ = {isa = PBXFileReference; lastKnownFileType = wrapper.framework; name = Foundation.framework; path = System/Library/Frameworks/Foundation.framework; sourceTree = SDKROOT; };
		0ACB1FEF18972DDA00A41D0D /* CoreGraphics.framework */ = {isa = PBXFileReference; lastKnownFileType = wrapper.framework; name = CoreGraphics.framework; path = System/Library/Frameworks/CoreGraphics.framework; sourceTree = SDKROOT; };
		0ACB1FF118972DDA00A41D0D /* UIKit.framework */ = {isa = PBXFileReference; lastKnownFileType = wrapper.framework; name = UIKit.framework; path = System/Library/Frameworks/UIKit.framework; sourceTree = SDKROOT; };
		0ACB1FF518972DDA00A41D0D /* TwitterHandle-Info.plist */ = {isa = PBXFileReference; lastKnownFileType = text.plist.xml; path = "TwitterHandle-Info.plist"; sourceTree = "<group>"; };
		0ACB1FF718972DDA00A41D0D /* en */ = {isa = PBXFileReference; lastKnownFileType = text.plist.strings; name = en; path = en.lproj/InfoPlist.strings; sourceTree = "<group>"; };
		0ACB1FF918972DDA00A41D0D /* main.m */ = {isa = PBXFileReference; lastKnownFileType = sourcecode.c.objc; path = main.m; sourceTree = "<group>"; };
		0ACB1FFB18972DDA00A41D0D /* TwitterHandle-Prefix.pch */ = {isa = PBXFileReference; lastKnownFileType = sourcecode.c.h; path = "TwitterHandle-Prefix.pch"; sourceTree = "<group>"; };
		0ACB1FFC18972DDA00A41D0D /* THAppDelegate.h */ = {isa = PBXFileReference; lastKnownFileType = sourcecode.c.h; path = THAppDelegate.h; sourceTree = "<group>"; };
		0ACB1FFD18972DDA00A41D0D /* THAppDelegate.m */ = {isa = PBXFileReference; lastKnownFileType = sourcecode.c.objc; path = THAppDelegate.m; sourceTree = "<group>"; };
		0ACB200018972DDA00A41D0D /* Base */ = {isa = PBXFileReference; lastKnownFileType = file.storyboard; name = Base; path = Base.lproj/Main_iPhone.storyboard; sourceTree = "<group>"; };
		0ACB200318972DDA00A41D0D /* Base */ = {isa = PBXFileReference; lastKnownFileType = file.storyboard; name = Base; path = Base.lproj/Main_iPad.storyboard; sourceTree = "<group>"; };
		0ACB200818972DDA00A41D0D /* Images.xcassets */ = {isa = PBXFileReference; lastKnownFileType = folder.assetcatalog; path = Images.xcassets; sourceTree = "<group>"; };
		0ACB200E18972DDA00A41D0D /* TwitterHandleTests.xctest */ = {isa = PBXFileReference; explicitFileType = wrapper.cfbundle; includeInIndex = 0; path = TwitterHandleTests.xctest; sourceTree = BUILT_PRODUCTS_DIR; };
		0ACB200F18972DDA00A41D0D /* XCTest.framework */ = {isa = PBXFileReference; lastKnownFileType = wrapper.framework; name = XCTest.framework; path = Library/Frameworks/XCTest.framework; sourceTree = DEVELOPER_DIR; };
		0ACB201718972DDA00A41D0D /* TwitterHandleTests-Info.plist */ = {isa = PBXFileReference; lastKnownFileType = text.plist.xml; path = "TwitterHandleTests-Info.plist"; sourceTree = "<group>"; };
		0ACB201918972DDA00A41D0D /* en */ = {isa = PBXFileReference; lastKnownFileType = text.plist.strings; name = en; path = en.lproj/InfoPlist.strings; sourceTree = "<group>"; };
		0ACB201B18972DDA00A41D0D /* TwitterHandleTests.m */ = {isa = PBXFileReference; lastKnownFileType = sourcecode.c.objc; path = TwitterHandleTests.m; sourceTree = "<group>"; };
		8161DCFC2C6A460FBBF74093 /* Pods.xcconfig */ = {isa = PBXFileReference; includeInIndex = 1; lastKnownFileType = text.xcconfig; name = Pods.xcconfig; path = Pods/Pods.xcconfig; sourceTree = "<group>"; };
		87042368195B4EC39BF85383 /* libPods.a */ = {isa = PBXFileReference; explicitFileType = archive.ar; includeInIndex = 0; path = libPods.a; sourceTree = BUILT_PRODUCTS_DIR; };
/* End PBXFileReference section */

/* Begin PBXFrameworksBuildPhase section */
		0ACB1FE718972DDA00A41D0D /* Frameworks */ = {
			isa = PBXFrameworksBuildPhase;
			buildActionMask = 2147483647;
			files = (
				0ACB1FF018972DDA00A41D0D /* CoreGraphics.framework in Frameworks */,
				0ACB1FF218972DDA00A41D0D /* UIKit.framework in Frameworks */,
				0ACB1FEE18972DDA00A41D0D /* Foundation.framework in Frameworks */,
				F54EAFCFDB0C4383B4459E08 /* libPods.a in Frameworks */,
			);
			runOnlyForDeploymentPostprocessing = 0;
		};
		0ACB200B18972DDA00A41D0D /* Frameworks */ = {
			isa = PBXFrameworksBuildPhase;
			buildActionMask = 2147483647;
			files = (
				0ACB201018972DDA00A41D0D /* XCTest.framework in Frameworks */,
				0ACB201218972DDA00A41D0D /* UIKit.framework in Frameworks */,
				0ACB201118972DDA00A41D0D /* Foundation.framework in Frameworks */,
			);
			runOnlyForDeploymentPostprocessing = 0;
		};
/* End PBXFrameworksBuildPhase section */

/* Begin PBXGroup section */
		0A6612CA1897322100142624 /* Views */ = {
			isa = PBXGroup;
			children = (
				0A6612CB1897323C00142624 /* THTableViewCell.xib */,
				0A6612CD1897337400142624 /* THTableViewCell.h */,
				0A6612CE1897337400142624 /* THTableViewCell.m */,
				0A6612E01897A5D300142624 /* THBannerView.xib */,
				0A6612E21897A5E900142624 /* THBannerView.h */,
				0A6612E31897A5E900142624 /* THBannerView.m */,
				0A5E96ED1898D62B00EDDA22 /* THStatusView.xib */,
				0A5E96EF1898DB2C00EDDA22 /* THStatusView.h */,
				0A5E96F01898DB2C00EDDA22 /* THStatusView.m */,
			);
			name = Views;
			sourceTree = "<group>";
		};
		0A6612D01897341800142624 /* Controllers */ = {
			isa = PBXGroup;
			children = (
				0A5E96E11898C81F00EDDA22 /* THTableViewController.h */,
				0A5E96E21898C81F00EDDA22 /* THTableViewController.m */,
				0A5E96E41898CDA100EDDA22 /* THTimelineTableViewController.h */,
				0A5E96E51898CDA100EDDA22 /* THTimelineTableViewController.m */,
				0A5E96E71898D17F00EDDA22 /* THUserTableViewController.h */,
				0A5E96E81898D17F00EDDA22 /* THUserTableViewController.m */,
				0A5E96EA1898D5EE00EDDA22 /* THStatusTableViewController.h */,
				0A5E96EB1898D5EE00EDDA22 /* THStatusTableViewController.m */,
			);
			name = Controllers;
			sourceTree = "<group>";
		};
		0A6612D11897342A00142624 /* Models */ = {
			isa = PBXGroup;
			children = (
				0A6612D71897824300142624 /* THStatus.h */,
				0A6612D81897824300142624 /* THStatus.m */,
				0A6612DA189783EE00142624 /* THUser.h */,
				0A6612DB189783EE00142624 /* THUser.m */,
			);
			name = Models;
			sourceTree = "<group>";
		};
		0ACB1FE118972DDA00A41D0D = {
			isa = PBXGroup;
			children = (
				0ACB1FF318972DDA00A41D0D /* TwitterHandle */,
				0ACB201518972DDA00A41D0D /* TwitterHandleTests */,
				0ACB1FEC18972DDA00A41D0D /* Frameworks */,
				0ACB1FEB18972DDA00A41D0D /* Products */,
				8161DCFC2C6A460FBBF74093 /* Pods.xcconfig */,
			);
			sourceTree = "<group>";
		};
		0ACB1FEB18972DDA00A41D0D /* Products */ = {
			isa = PBXGroup;
			children = (
				0ACB1FEA18972DDA00A41D0D /* TwitterHandle.app */,
				0ACB200E18972DDA00A41D0D /* TwitterHandleTests.xctest */,
			);
			name = Products;
			sourceTree = "<group>";
		};
		0ACB1FEC18972DDA00A41D0D /* Frameworks */ = {
			isa = PBXGroup;
			children = (
				0ACB1FED18972DDA00A41D0D /* Foundation.framework */,
				0ACB1FEF18972DDA00A41D0D /* CoreGraphics.framework */,
				0ACB1FF118972DDA00A41D0D /* UIKit.framework */,
				0ACB200F18972DDA00A41D0D /* XCTest.framework */,
				87042368195B4EC39BF85383 /* libPods.a */,
			);
			name = Frameworks;
			sourceTree = "<group>";
		};
		0ACB1FF318972DDA00A41D0D /* TwitterHandle */ = {
			isa = PBXGroup;
			children = (
				0ACB1FFC18972DDA00A41D0D /* THAppDelegate.h */,
				0ACB1FFD18972DDA00A41D0D /* THAppDelegate.m */,
				0ACB1FFF18972DDA00A41D0D /* Main_iPhone.storyboard */,
				0ACB200218972DDA00A41D0D /* Main_iPad.storyboard */,
				0A6612D11897342A00142624 /* Models */,
				0A6612CA1897322100142624 /* Views */,
				0A6612D01897341800142624 /* Controllers */,
				0ACB200818972DDA00A41D0D /* Images.xcassets */,
				0ACB1FF418972DDA00A41D0D /* Supporting Files */,
			);
			path = TwitterHandle;
			sourceTree = "<group>";
		};
		0ACB1FF418972DDA00A41D0D /* Supporting Files */ = {
			isa = PBXGroup;
			children = (
				0ACB1FF518972DDA00A41D0D /* TwitterHandle-Info.plist */,
				0ACB1FF618972DDA00A41D0D /* InfoPlist.strings */,
				0ACB1FF918972DDA00A41D0D /* main.m */,
				0ACB1FFB18972DDA00A41D0D /* TwitterHandle-Prefix.pch */,
			);
			name = "Supporting Files";
			sourceTree = "<group>";
		};
		0ACB201518972DDA00A41D0D /* TwitterHandleTests */ = {
			isa = PBXGroup;
			children = (
				0ACB201B18972DDA00A41D0D /* TwitterHandleTests.m */,
				0ACB201618972DDA00A41D0D /* Supporting Files */,
			);
			path = TwitterHandleTests;
			sourceTree = "<group>";
		};
		0ACB201618972DDA00A41D0D /* Supporting Files */ = {
			isa = PBXGroup;
			children = (
				0ACB201718972DDA00A41D0D /* TwitterHandleTests-Info.plist */,
				0ACB201818972DDA00A41D0D /* InfoPlist.strings */,
			);
			name = "Supporting Files";
			sourceTree = "<group>";
		};
/* End PBXGroup section */

/* Begin PBXNativeTarget section */
		0ACB1FE918972DDA00A41D0D /* TwitterHandle */ = {
			isa = PBXNativeTarget;
			buildConfigurationList = 0ACB201F18972DDA00A41D0D /* Build configuration list for PBXNativeTarget "TwitterHandle" */;
			buildPhases = (
				C57890D07D5D466A84B037D0 /* Check Pods Manifest.lock */,
				0ACB1FE618972DDA00A41D0D /* Sources */,
				0ACB1FE718972DDA00A41D0D /* Frameworks */,
				0ACB1FE818972DDA00A41D0D /* Resources */,
				8662F7B5D9F646129CD3D862 /* Copy Pods Resources */,
			);
			buildRules = (
			);
			dependencies = (
			);
			name = TwitterHandle;
			productName = TwitterHandle;
			productReference = 0ACB1FEA18972DDA00A41D0D /* TwitterHandle.app */;
			productType = "com.apple.product-type.application";
		};
		0ACB200D18972DDA00A41D0D /* TwitterHandleTests */ = {
			isa = PBXNativeTarget;
			buildConfigurationList = 0ACB202218972DDA00A41D0D /* Build configuration list for PBXNativeTarget "TwitterHandleTests" */;
			buildPhases = (
				0ACB200A18972DDA00A41D0D /* Sources */,
				0ACB200B18972DDA00A41D0D /* Frameworks */,
				0ACB200C18972DDA00A41D0D /* Resources */,
			);
			buildRules = (
			);
			dependencies = (
				0ACB201418972DDA00A41D0D /* PBXTargetDependency */,
			);
			name = TwitterHandleTests;
			productName = TwitterHandleTests;
			productReference = 0ACB200E18972DDA00A41D0D /* TwitterHandleTests.xctest */;
			productType = "com.apple.product-type.bundle.unit-test";
		};
/* End PBXNativeTarget section */

/* Begin PBXProject section */
		0ACB1FE218972DDA00A41D0D /* Project object */ = {
			isa = PBXProject;
			attributes = {
				CLASSPREFIX = TH;
				LastUpgradeCheck = 0500;
				ORGANIZATIONNAME = "Kevin Nguy";
				TargetAttributes = {
					0ACB200D18972DDA00A41D0D = {
						TestTargetID = 0ACB1FE918972DDA00A41D0D;
					};
				};
			};
			buildConfigurationList = 0ACB1FE518972DDA00A41D0D /* Build configuration list for PBXProject "TwitterHandle" */;
			compatibilityVersion = "Xcode 3.2";
			developmentRegion = English;
			hasScannedForEncodings = 0;
			knownRegions = (
				en,
				Base,
			);
			mainGroup = 0ACB1FE118972DDA00A41D0D;
			productRefGroup = 0ACB1FEB18972DDA00A41D0D /* Products */;
			projectDirPath = "";
			projectRoot = "";
			targets = (
				0ACB1FE918972DDA00A41D0D /* TwitterHandle */,
				0ACB200D18972DDA00A41D0D /* TwitterHandleTests */,
			);
		};
/* End PBXProject section */

/* Begin PBXResourcesBuildPhase section */
		0ACB1FE818972DDA00A41D0D /* Resources */ = {
			isa = PBXResourcesBuildPhase;
			buildActionMask = 2147483647;
			files = (
				0ACB200418972DDA00A41D0D /* Main_iPad.storyboard in Resources */,
				0ACB200918972DDA00A41D0D /* Images.xcassets in Resources */,
				0A6612E11897A5D300142624 /* THBannerView.xib in Resources */,
				0ACB200118972DDA00A41D0D /* Main_iPhone.storyboard in Resources */,
				0A6612CC1897323C00142624 /* THTableViewCell.xib in Resources */,
				0ACB1FF818972DDA00A41D0D /* InfoPlist.strings in Resources */,
				0A5E96EE1898D62B00EDDA22 /* THStatusView.xib in Resources */,
			);
			runOnlyForDeploymentPostprocessing = 0;
		};
		0ACB200C18972DDA00A41D0D /* Resources */ = {
			isa = PBXResourcesBuildPhase;
			buildActionMask = 2147483647;
			files = (
				0ACB201A18972DDA00A41D0D /* InfoPlist.strings in Resources */,
			);
			runOnlyForDeploymentPostprocessing = 0;
		};
/* End PBXResourcesBuildPhase section */

/* Begin PBXShellScriptBuildPhase section */
		8662F7B5D9F646129CD3D862 /* Copy Pods Resources */ = {
			isa = PBXShellScriptBuildPhase;
			buildActionMask = 2147483647;
			files = (
			);
			inputPaths = (
			);
			name = "Copy Pods Resources";
			outputPaths = (
			);
			runOnlyForDeploymentPostprocessing = 0;
			shellPath = /bin/sh;
			shellScript = "\"${SRCROOT}/Pods/Pods-resources.sh\"\n";
			showEnvVarsInLog = 0;
		};
		C57890D07D5D466A84B037D0 /* Check Pods Manifest.lock */ = {
			isa = PBXShellScriptBuildPhase;
			buildActionMask = 2147483647;
			files = (
			);
			inputPaths = (
			);
			name = "Check Pods Manifest.lock";
			outputPaths = (
			);
			runOnlyForDeploymentPostprocessing = 0;
			shellPath = /bin/sh;
			shellScript = "diff \"${PODS_ROOT}/../Podfile.lock\" \"${PODS_ROOT}/Manifest.lock\" > /dev/null\nif [[ $? != 0 ]] ; then\n    cat << EOM\nerror: The sandbox is not in sync with the Podfile.lock. Run 'pod install' or update your CocoaPods installation.\nEOM\n    exit 1\nfi\n";
			showEnvVarsInLog = 0;
		};
/* End PBXShellScriptBuildPhase section */

/* Begin PBXSourcesBuildPhase section */
		0ACB1FE618972DDA00A41D0D /* Sources */ = {
			isa = PBXSourcesBuildPhase;
			buildActionMask = 2147483647;
			files = (
				0A5E96E91898D17F00EDDA22 /* THUserTableViewController.m in Sources */,
				0A5E96F11898DB2C00EDDA22 /* THStatusView.m in Sources */,
				0ACB1FFE18972DDA00A41D0D /* THAppDelegate.m in Sources */,
				0ACB1FFA18972DDA00A41D0D /* main.m in Sources */,
				0A5E96E31898C81F00EDDA22 /* THTableViewController.m in Sources */,
				0A6612D91897824300142624 /* THStatus.m in Sources */,
				0A5E96E61898CDA100EDDA22 /* THTimelineTableViewController.m in Sources */,
				0A6612DC189783EE00142624 /* THUser.m in Sources */,
				0A6612E41897A5E900142624 /* THBannerView.m in Sources */,
				0A6612CF1897337400142624 /* THTableViewCell.m in Sources */,
				0A5E96EC1898D5EE00EDDA22 /* THStatusTableViewController.m in Sources */,
			);
			runOnlyForDeploymentPostprocessing = 0;
		};
		0ACB200A18972DDA00A41D0D /* Sources */ = {
			isa = PBXSourcesBuildPhase;
			buildActionMask = 2147483647;
			files = (
				0ACB201C18972DDA00A41D0D /* TwitterHandleTests.m in Sources */,
			);
			runOnlyForDeploymentPostprocessing = 0;
		};
/* End PBXSourcesBuildPhase section */

/* Begin PBXTargetDependency section */
		0ACB201418972DDA00A41D0D /* PBXTargetDependency */ = {
			isa = PBXTargetDependency;
			target = 0ACB1FE918972DDA00A41D0D /* TwitterHandle */;
			targetProxy = 0ACB201318972DDA00A41D0D /* PBXContainerItemProxy */;
		};
/* End PBXTargetDependency section */

/* Begin PBXVariantGroup section */
		0ACB1FF618972DDA00A41D0D /* InfoPlist.strings */ = {
			isa = PBXVariantGroup;
			children = (
				0ACB1FF718972DDA00A41D0D /* en */,
			);
			name = InfoPlist.strings;
			sourceTree = "<group>";
		};
		0ACB1FFF18972DDA00A41D0D /* Main_iPhone.storyboard */ = {
			isa = PBXVariantGroup;
			children = (
				0ACB200018972DDA00A41D0D /* Base */,
			);
			name = Main_iPhone.storyboard;
			sourceTree = "<group>";
		};
		0ACB200218972DDA00A41D0D /* Main_iPad.storyboard */ = {
			isa = PBXVariantGroup;
			children = (
				0ACB200318972DDA00A41D0D /* Base */,
			);
			name = Main_iPad.storyboard;
			sourceTree = "<group>";
		};
		0ACB201818972DDA00A41D0D /* InfoPlist.strings */ = {
			isa = PBXVariantGroup;
			children = (
				0ACB201918972DDA00A41D0D /* en */,
			);
			name = InfoPlist.strings;
			sourceTree = "<group>";
		};
/* End PBXVariantGroup section */

/* Begin XCBuildConfiguration section */
		0ACB201D18972DDA00A41D0D /* Debug */ = {
			isa = XCBuildConfiguration;
			buildSettings = {
				ALWAYS_SEARCH_USER_PATHS = NO;
				ARCHS = "$(ARCHS_STANDARD_INCLUDING_64_BIT)";
				CLANG_CXX_LANGUAGE_STANDARD = "gnu++0x";
				CLANG_CXX_LIBRARY = "libc++";
				CLANG_ENABLE_MODULES = YES;
				CLANG_ENABLE_OBJC_ARC = YES;
				CLANG_WARN_BOOL_CONVERSION = YES;
				CLANG_WARN_CONSTANT_CONVERSION = YES;
				CLANG_WARN_DIRECT_OBJC_ISA_USAGE = YES_ERROR;
				CLANG_WARN_EMPTY_BODY = YES;
				CLANG_WARN_ENUM_CONVERSION = YES;
				CLANG_WARN_INT_CONVERSION = YES;
				CLANG_WARN_OBJC_ROOT_CLASS = YES_ERROR;
				CLANG_WARN__DUPLICATE_METHOD_MATCH = YES;
				"CODE_SIGN_IDENTITY[sdk=iphoneos*]" = "iPhone Developer";
				COPY_PHASE_STRIP = NO;
				GCC_C_LANGUAGE_STANDARD = gnu99;
				GCC_DYNAMIC_NO_PIC = NO;
				GCC_OPTIMIZATION_LEVEL = 0;
				GCC_PREPROCESSOR_DEFINITIONS = (
					"DEBUG=1",
					"$(inherited)",
				);
				GCC_SYMBOLS_PRIVATE_EXTERN = NO;
				GCC_WARN_64_TO_32_BIT_CONVERSION = YES;
				GCC_WARN_ABOUT_RETURN_TYPE = YES_ERROR;
				GCC_WARN_UNDECLARED_SELECTOR = YES;
				GCC_WARN_UNINITIALIZED_AUTOS = YES;
				GCC_WARN_UNUSED_FUNCTION = YES;
				GCC_WARN_UNUSED_VARIABLE = YES;
				IPHONEOS_DEPLOYMENT_TARGET = 7.0;
				ONLY_ACTIVE_ARCH = YES;
				SDKROOT = iphoneos;
				TARGETED_DEVICE_FAMILY = "1,2";
			};
			name = Debug;
		};
		0ACB201E18972DDA00A41D0D /* Release */ = {
			isa = XCBuildConfiguration;
			buildSettings = {
				ALWAYS_SEARCH_USER_PATHS = NO;
				ARCHS = "$(ARCHS_STANDARD_INCLUDING_64_BIT)";
				CLANG_CXX_LANGUAGE_STANDARD = "gnu++0x";
				CLANG_CXX_LIBRARY = "libc++";
				CLANG_ENABLE_MODULES = YES;
				CLANG_ENABLE_OBJC_ARC = YES;
				CLANG_WARN_BOOL_CONVERSION = YES;
				CLANG_WARN_CONSTANT_CONVERSION = YES;
				CLANG_WARN_DIRECT_OBJC_ISA_USAGE = YES_ERROR;
				CLANG_WARN_EMPTY_BODY = YES;
				CLANG_WARN_ENUM_CONVERSION = YES;
				CLANG_WARN_INT_CONVERSION = YES;
				CLANG_WARN_OBJC_ROOT_CLASS = YES_ERROR;
				CLANG_WARN__DUPLICATE_METHOD_MATCH = YES;
				"CODE_SIGN_IDENTITY[sdk=iphoneos*]" = "iPhone Developer";
				COPY_PHASE_STRIP = YES;
				ENABLE_NS_ASSERTIONS = NO;
				GCC_C_LANGUAGE_STANDARD = gnu99;
				GCC_WARN_64_TO_32_BIT_CONVERSION = YES;
				GCC_WARN_ABOUT_RETURN_TYPE = YES_ERROR;
				GCC_WARN_UNDECLARED_SELECTOR = YES;
				GCC_WARN_UNINITIALIZED_AUTOS = YES;
				GCC_WARN_UNUSED_FUNCTION = YES;
				GCC_WARN_UNUSED_VARIABLE = YES;
				IPHONEOS_DEPLOYMENT_TARGET = 7.0;
				SDKROOT = iphoneos;
				TARGETED_DEVICE_FAMILY = "1,2";
				VALIDATE_PRODUCT = YES;
			};
			name = Release;
		};
		0ACB202018972DDA00A41D0D /* Debug */ = {
			isa = XCBuildConfiguration;
			baseConfigurationReference = 8161DCFC2C6A460FBBF74093 /* Pods.xcconfig */;
			buildSettings = {
				ASSETCATALOG_COMPILER_APPICON_NAME = AppIcon;
				ASSETCATALOG_COMPILER_LAUNCHIMAGE_NAME = LaunchImage;
				GCC_PRECOMPILE_PREFIX_HEADER = YES;
				GCC_PREFIX_HEADER = "TwitterHandle/TwitterHandle-Prefix.pch";
				INFOPLIST_FILE = "TwitterHandle/TwitterHandle-Info.plist";
				PRODUCT_NAME = "$(TARGET_NAME)";
				WRAPPER_EXTENSION = app;
			};
			name = Debug;
		};
		0ACB202118972DDA00A41D0D /* Release */ = {
			isa = XCBuildConfiguration;
			baseConfigurationReference = 8161DCFC2C6A460FBBF74093 /* Pods.xcconfig */;
			buildSettings = {
				ASSETCATALOG_COMPILER_APPICON_NAME = AppIcon;
				ASSETCATALOG_COMPILER_LAUNCHIMAGE_NAME = LaunchImage;
				GCC_PRECOMPILE_PREFIX_HEADER = YES;
				GCC_PREFIX_HEADER = "TwitterHandle/TwitterHandle-Prefix.pch";
				INFOPLIST_FILE = "TwitterHandle/TwitterHandle-Info.plist";
				PRODUCT_NAME = "$(TARGET_NAME)";
				WRAPPER_EXTENSION = app;
			};
			name = Release;
		};
		0ACB202318972DDA00A41D0D /* Debug */ = {
			isa = XCBuildConfiguration;
			buildSettings = {
				ARCHS = "$(ARCHS_STANDARD_INCLUDING_64_BIT)";
				BUNDLE_LOADER = "$(BUILT_PRODUCTS_DIR)/TwitterHandle.app/TwitterHandle";
				FRAMEWORK_SEARCH_PATHS = (
					"$(SDKROOT)/Developer/Library/Frameworks",
					"$(inherited)",
					"$(DEVELOPER_FRAMEWORKS_DIR)",
				);
				GCC_PRECOMPILE_PREFIX_HEADER = YES;
				GCC_PREFIX_HEADER = "TwitterHandle/TwitterHandle-Prefix.pch";
				GCC_PREPROCESSOR_DEFINITIONS = (
					"DEBUG=1",
					"$(inherited)",
				);
				INFOPLIST_FILE = "TwitterHandleTests/TwitterHandleTests-Info.plist";
				PRODUCT_NAME = "$(TARGET_NAME)";
				TEST_HOST = "$(BUNDLE_LOADER)";
				WRAPPER_EXTENSION = xctest;
			};
			name = Debug;
		};
		0ACB202418972DDA00A41D0D /* Release */ = {
			isa = XCBuildConfiguration;
			buildSettings = {
				ARCHS = "$(ARCHS_STANDARD_INCLUDING_64_BIT)";
				BUNDLE_LOADER = "$(BUILT_PRODUCTS_DIR)/TwitterHandle.app/TwitterHandle";
				FRAMEWORK_SEARCH_PATHS = (
					"$(SDKROOT)/Developer/Library/Frameworks",
					"$(inherited)",
					"$(DEVELOPER_FRAMEWORKS_DIR)",
				);
				GCC_PRECOMPILE_PREFIX_HEADER = YES;
				GCC_PREFIX_HEADER = "TwitterHandle/TwitterHandle-Prefix.pch";
				INFOPLIST_FILE = "TwitterHandleTests/TwitterHandleTests-Info.plist";
				PRODUCT_NAME = "$(TARGET_NAME)";
				TEST_HOST = "$(BUNDLE_LOADER)";
				WRAPPER_EXTENSION = xctest;
			};
			name = Release;
		};
/* End XCBuildConfiguration section */

/* Begin XCConfigurationList section */
		0ACB1FE518972DDA00A41D0D /* Build configuration list for PBXProject "TwitterHandle" */ = {
			isa = XCConfigurationList;
			buildConfigurations = (
				0ACB201D18972DDA00A41D0D /* Debug */,
				0ACB201E18972DDA00A41D0D /* Release */,
			);
			defaultConfigurationIsVisible = 0;
			defaultConfigurationName = Release;
		};
		0ACB201F18972DDA00A41D0D /* Build configuration list for PBXNativeTarget "TwitterHandle" */ = {
			isa = XCConfigurationList;
			buildConfigurations = (
				0ACB202018972DDA00A41D0D /* Debug */,
				0ACB202118972DDA00A41D0D /* Release */,
			);
			defaultConfigurationIsVisible = 0;
			defaultConfigurationName = Release;
		};
		0ACB202218972DDA00A41D0D /* Build configuration list for PBXNativeTarget "TwitterHandleTests" */ = {
			isa = XCConfigurationList;
			buildConfigurations = (
				0ACB202318972DDA00A41D0D /* Debug */,
				0ACB202418972DDA00A41D0D /* Release */,
			);
			defaultConfigurationIsVisible = 0;
			defaultConfigurationName = Release;
		};
/* End XCConfigurationList section */
	};
	rootObject = 0ACB1FE218972DDA00A41D0D /* Project object */;
}
